
Microsoft Visual Studio Solution File, Format Version 12.00
# Visual Studio Version 16
VisualStudioVersion = 16.0.31702.278
MinimumVisualStudioVersion = 10.0.40219.1
Project("{FAE04EC0-301F-11D3-BF4B-00C04F79EFBC}") = "veriTurlerininAltVeUstLimitleri", "veriTurlerininAltVeUstLimitleri\veriTurlerininAltVeUstLimitleri.csproj", "{32B71CDB-CEF5-4D77-BC9C-1D412394FB6C}"
EndProject
Global
	GlobalSection(SolutionConfigurationPlatforms) = preSolution
		Debug|Any CPU = Debug|Any CPU
		Release|Any CPU = Release|Any CPU
	EndGlobalSection
	GlobalSection(ProjectConfigurationPlatforms) = postSolution
		{32B71CDB-CEF5-4D77-BC9C-1D412394FB6C}.Debug|Any CPU.ActiveCfg = Debug|Any CPU
		{32B71CDB-CEF5-4D77-BC9C-1D412394FB6C}.Debug|Any CPU.Build.0 = Debug|Any CPU
		{32B71CDB-CEF5-4D77-BC9C-1D412394FB6C}.Release|Any CPU.ActiveCfg = Release|Any CPU
		{32B71CDB-CEF5-4D77-BC9C-1D412394FB6C}.Release|Any CPU.Build.0 = Release|Any CPU
	EndGlobalSection
	GlobalSection(SolutionProperties) = preSolution
		HideSolutionNode = FALSE
	EndGlobalSection
	GlobalSection(ExtensibilityGlobals) = postSolution
		SolutionGuid = {2587EB48-4AEB-4F07-B7CC-35B8950A41D9}
	EndGlobalSection
EndGlobal
