
Microsoft Visual Studio Solution File, Format Version 12.00
# Visual Studio Version 16
VisualStudioVersion = 16.0.31702.278
MinimumVisualStudioVersion = 10.0.40219.1
Project("{FAE04EC0-301F-11D3-BF4B-00C04F79EFBC}") = "Degiskenler", "Degiskenler\Degiskenler.csproj", "{303B248D-5466-4205-9ADB-F153AD777337}"
EndProject
Global
	GlobalSection(SolutionConfigurationPlatforms) = preSolution
		Debug|Any CPU = Debug|Any CPU
		Release|Any CPU = Release|Any CPU
	EndGlobalSection
	GlobalSection(ProjectConfigurationPlatforms) = postSolution
		{303B248D-5466-4205-9ADB-F153AD777337}.Debug|Any CPU.ActiveCfg = Debug|Any CPU
		{303B248D-5466-4205-9ADB-F153AD777337}.Debug|Any CPU.Build.0 = Debug|Any CPU
		{303B248D-5466-4205-9ADB-F153AD777337}.Release|Any CPU.ActiveCfg = Release|Any CPU
		{303B248D-5466-4205-9ADB-F153AD777337}.Release|Any CPU.Build.0 = Release|Any CPU
	EndGlobalSection
	GlobalSection(SolutionProperties) = preSolution
		HideSolutionNode = FALSE
	EndGlobalSection
	GlobalSection(ExtensibilityGlobals) = postSolution
		SolutionGuid = {DA33A61E-7BFE-416F-B1A1-8854E56FED82}
	EndGlobalSection
EndGlobal
