
Microsoft Visual Studio Solution File, Format Version 12.00
# Visual Studio Version 16
VisualStudioVersion = 16.0.31702.278
MinimumVisualStudioVersion = 10.0.40219.1
Project("{FAE04EC0-301F-11D3-BF4B-00C04F79EFBC}") = "struct2", "struct2\struct2.csproj", "{D3C0DA76-1F8D-46F4-94DB-DA76DDCC2EB5}"
EndProject
Global
	GlobalSection(SolutionConfigurationPlatforms) = preSolution
		Debug|Any CPU = Debug|Any CPU
		Release|Any CPU = Release|Any CPU
	EndGlobalSection
	GlobalSection(ProjectConfigurationPlatforms) = postSolution
		{D3C0DA76-1F8D-46F4-94DB-DA76DDCC2EB5}.Debug|Any CPU.ActiveCfg = Debug|Any CPU
		{D3C0DA76-1F8D-46F4-94DB-DA76DDCC2EB5}.Debug|Any CPU.Build.0 = Debug|Any CPU
		{D3C0DA76-1F8D-46F4-94DB-DA76DDCC2EB5}.Release|Any CPU.ActiveCfg = Release|Any CPU
		{D3C0DA76-1F8D-46F4-94DB-DA76DDCC2EB5}.Release|Any CPU.Build.0 = Release|Any CPU
	EndGlobalSection
	GlobalSection(SolutionProperties) = preSolution
		HideSolutionNode = FALSE
	EndGlobalSection
	GlobalSection(ExtensibilityGlobals) = postSolution
		SolutionGuid = {469F86FF-36ED-4B10-8C2B-BA56AB575165}
	EndGlobalSection
EndGlobal
