
Microsoft Visual Studio Solution File, Format Version 12.00
# Visual Studio Version 16
VisualStudioVersion = 16.0.31702.278
MinimumVisualStudioVersion = 10.0.40219.1
Project("{FAE04EC0-301F-11D3-BF4B-00C04F79EFBC}") = "listeUygulamasi", "listeUygulamasi\listeUygulamasi.csproj", "{8E1C38F4-F353-4C17-B0C1-DEFD4E5FC8EE}"
EndProject
Global
	GlobalSection(SolutionConfigurationPlatforms) = preSolution
		Debug|Any CPU = Debug|Any CPU
		Release|Any CPU = Release|Any CPU
	EndGlobalSection
	GlobalSection(ProjectConfigurationPlatforms) = postSolution
		{8E1C38F4-F353-4C17-B0C1-DEFD4E5FC8EE}.Debug|Any CPU.ActiveCfg = Debug|Any CPU
		{8E1C38F4-F353-4C17-B0C1-DEFD4E5FC8EE}.Debug|Any CPU.Build.0 = Debug|Any CPU
		{8E1C38F4-F353-4C17-B0C1-DEFD4E5FC8EE}.Release|Any CPU.ActiveCfg = Release|Any CPU
		{8E1C38F4-F353-4C17-B0C1-DEFD4E5FC8EE}.Release|Any CPU.Build.0 = Release|Any CPU
	EndGlobalSection
	GlobalSection(SolutionProperties) = preSolution
		HideSolutionNode = FALSE
	EndGlobalSection
	GlobalSection(ExtensibilityGlobals) = postSolution
		SolutionGuid = {3A204458-D9FF-4BF1-98FC-8535363110E6}
	EndGlobalSection
EndGlobal
