
Microsoft Visual Studio Solution File, Format Version 12.00
# Visual Studio Version 16
VisualStudioVersion = 16.0.31702.278
MinimumVisualStudioVersion = 10.0.40219.1
Project("{FAE04EC0-301F-11D3-BF4B-00C04F79EFBC}") = "classGiris", "classGiris\classGiris.csproj", "{45800BD8-0C85-4D0B-843B-4B6EDC8B0289}"
EndProject
Global
	GlobalSection(SolutionConfigurationPlatforms) = preSolution
		Debug|Any CPU = Debug|Any CPU
		Release|Any CPU = Release|Any CPU
	EndGlobalSection
	GlobalSection(ProjectConfigurationPlatforms) = postSolution
		{45800BD8-0C85-4D0B-843B-4B6EDC8B0289}.Debug|Any CPU.ActiveCfg = Debug|Any CPU
		{45800BD8-0C85-4D0B-843B-4B6EDC8B0289}.Debug|Any CPU.Build.0 = Debug|Any CPU
		{45800BD8-0C85-4D0B-843B-4B6EDC8B0289}.Release|Any CPU.ActiveCfg = Release|Any CPU
		{45800BD8-0C85-4D0B-843B-4B6EDC8B0289}.Release|Any CPU.Build.0 = Release|Any CPU
	EndGlobalSection
	GlobalSection(SolutionProperties) = preSolution
		HideSolutionNode = FALSE
	EndGlobalSection
	GlobalSection(ExtensibilityGlobals) = postSolution
		SolutionGuid = {11EC36C2-B9AB-47E2-86FE-0F34509DEE2A}
	EndGlobalSection
EndGlobal
