
Microsoft Visual Studio Solution File, Format Version 12.00
# Visual Studio Version 16
VisualStudioVersion = 16.0.31702.278
MinimumVisualStudioVersion = 10.0.40219.1
Project("{FAE04EC0-301F-11D3-BF4B-00C04F79EFBC}") = "HashSetGeneric", "HashSetGeneric\HashSetGeneric.csproj", "{EDA23D09-EE0C-472F-A8AD-11A0BC48AE40}"
EndProject
Global
	GlobalSection(SolutionConfigurationPlatforms) = preSolution
		Debug|Any CPU = Debug|Any CPU
		Release|Any CPU = Release|Any CPU
	EndGlobalSection
	GlobalSection(ProjectConfigurationPlatforms) = postSolution
		{EDA23D09-EE0C-472F-A8AD-11A0BC48AE40}.Debug|Any CPU.ActiveCfg = Debug|Any CPU
		{EDA23D09-EE0C-472F-A8AD-11A0BC48AE40}.Debug|Any CPU.Build.0 = Debug|Any CPU
		{EDA23D09-EE0C-472F-A8AD-11A0BC48AE40}.Release|Any CPU.ActiveCfg = Release|Any CPU
		{EDA23D09-EE0C-472F-A8AD-11A0BC48AE40}.Release|Any CPU.Build.0 = Release|Any CPU
	EndGlobalSection
	GlobalSection(SolutionProperties) = preSolution
		HideSolutionNode = FALSE
	EndGlobalSection
	GlobalSection(ExtensibilityGlobals) = postSolution
		SolutionGuid = {D965C473-B954-48CB-88D7-335461A90908}
	EndGlobalSection
EndGlobal
